
Microsoft Visual Studio Solution File, Format Version 12.00
# Visual Studio Version 17
VisualStudioVersion = 17.8.34525.116
MinimumVisualStudioVersion = 10.0.40219.1
Project("{2150E333-8FDC-42A3-9474-1A3956D46DE8}") = "src", "src", "{4DCF55B5-FAF0-4F3F-884D-26715A58FB09}"
EndProject
Project("{9A19103F-16F7-4668-BE54-9A1E7A4F7556}") = "Domain", "Domain\Domain.csproj", "{0AB33126-3B93-4CD5-88EF-BAA5D9C400E1}"
EndProject
Project("{9A19103F-16F7-4668-BE54-9A1E7A4F7556}") = "Application", "Application\Application.csproj", "{7FF9471C-6AFB-4DDC-8B2B-E69D90F95BD8}"
EndProject
Project("{9A19103F-16F7-4668-BE54-9A1E7A4F7556}") = "Infrastructure", "Infrastructure\Infrastructure.csproj", "{0821050D-E066-422C-BB21-9EE014602DF5}"
EndProject
Project("{9A19103F-16F7-4668-BE54-9A1E7A4F7556}") = "Shared", "Shared\Shared.csproj", "{2ECED732-5287-4027-87B0-5E35D2299C68}"
EndProject
Project("{9A19103F-16F7-4668-BE54-9A1E7A4F7556}") = "WebApi", "WebApi\WebApi.csproj", "{6BA10C09-036E-45BB-9C79-5DA8F655BD61}"
EndProject
Global
	GlobalSection(SolutionConfigurationPlatforms) = preSolution
		Debug|Any CPU = Debug|Any CPU
		Release|Any CPU = Release|Any CPU
	EndGlobalSection
	GlobalSection(ProjectConfigurationPlatforms) = postSolution
		{0AB33126-3B93-4CD5-88EF-BAA5D9C400E1}.Debug|Any CPU.ActiveCfg = Debug|Any CPU
		{0AB33126-3B93-4CD5-88EF-BAA5D9C400E1}.Debug|Any CPU.Build.0 = Debug|Any CPU
		{0AB33126-3B93-4CD5-88EF-BAA5D9C400E1}.Release|Any CPU.ActiveCfg = Release|Any CPU
		{0AB33126-3B93-4CD5-88EF-BAA5D9C400E1}.Release|Any CPU.Build.0 = Release|Any CPU
		{7FF9471C-6AFB-4DDC-8B2B-E69D90F95BD8}.Debug|Any CPU.ActiveCfg = Debug|Any CPU
		{7FF9471C-6AFB-4DDC-8B2B-E69D90F95BD8}.Debug|Any CPU.Build.0 = Debug|Any CPU
		{7FF9471C-6AFB-4DDC-8B2B-E69D90F95BD8}.Release|Any CPU.ActiveCfg = Release|Any CPU
		{7FF9471C-6AFB-4DDC-8B2B-E69D90F95BD8}.Release|Any CPU.Build.0 = Release|Any CPU
		{0821050D-E066-422C-BB21-9EE014602DF5}.Debug|Any CPU.ActiveCfg = Debug|Any CPU
		{0821050D-E066-422C-BB21-9EE014602DF5}.Debug|Any CPU.Build.0 = Debug|Any CPU
		{0821050D-E066-422C-BB21-9EE014602DF5}.Release|Any CPU.ActiveCfg = Release|Any CPU
		{0821050D-E066-422C-BB21-9EE014602DF5}.Release|Any CPU.Build.0 = Release|Any CPU
		{2ECED732-5287-4027-87B0-5E35D2299C68}.Debug|Any CPU.ActiveCfg = Debug|Any CPU
		{2ECED732-5287-4027-87B0-5E35D2299C68}.Debug|Any CPU.Build.0 = Debug|Any CPU
		{2ECED732-5287-4027-87B0-5E35D2299C68}.Release|Any CPU.ActiveCfg = Release|Any CPU
		{2ECED732-5287-4027-87B0-5E35D2299C68}.Release|Any CPU.Build.0 = Release|Any CPU
		{6BA10C09-036E-45BB-9C79-5DA8F655BD61}.Debug|Any CPU.ActiveCfg = Debug|Any CPU
		{6BA10C09-036E-45BB-9C79-5DA8F655BD61}.Debug|Any CPU.Build.0 = Debug|Any CPU
		{6BA10C09-036E-45BB-9C79-5DA8F655BD61}.Release|Any CPU.ActiveCfg = Release|Any CPU
		{6BA10C09-036E-45BB-9C79-5DA8F655BD61}.Release|Any CPU.Build.0 = Release|Any CPU
	EndGlobalSection
	GlobalSection(SolutionProperties) = preSolution
		HideSolutionNode = FALSE
	EndGlobalSection
	GlobalSection(NestedProjects) = preSolution
		{0AB33126-3B93-4CD5-88EF-BAA5D9C400E1} = {4DCF55B5-FAF0-4F3F-884D-26715A58FB09}
		{7FF9471C-6AFB-4DDC-8B2B-E69D90F95BD8} = {4DCF55B5-FAF0-4F3F-884D-26715A58FB09}
		{0821050D-E066-422C-BB21-9EE014602DF5} = {4DCF55B5-FAF0-4F3F-884D-26715A58FB09}
		{2ECED732-5287-4027-87B0-5E35D2299C68} = {4DCF55B5-FAF0-4F3F-884D-26715A58FB09}
		{6BA10C09-036E-45BB-9C79-5DA8F655BD61} = {4DCF55B5-FAF0-4F3F-884D-26715A58FB09}
	EndGlobalSection
	GlobalSection(ExtensibilityGlobals) = postSolution
		SolutionGuid = {C3A93CDA-2695-4E19-A039-9131F3D840DD}
	EndGlobalSection
EndGlobal
